// !$*UTF8*$!
{
	archiveVersion = 1;
	classes = {
	};
	objectVersion = 56;
	objects = {

/* Begin PBXBuildFile section */
		892B56A18DE0F0A5C6FA5BEA /* Pods_PlanItProject.framework in Frameworks */ = {isa = PBXBuildFile; fileRef = 023FBC48225217BE4091D144 /* Pods_PlanItProject.framework */; };
		FA8D8C992B6CFA34004630D1 /* CellModel.swift in Sources */ = {isa = PBXBuildFile; fileRef = FA8D8C982B6CFA34004630D1 /* CellModel.swift */; };
		FA8D8C9B2B6D0084004630D1 /* CustomItemCell.swift in Sources */ = {isa = PBXBuildFile; fileRef = FA8D8C9A2B6D0084004630D1 /* CustomItemCell.swift */; };
		FAA1AE2D2B724D4200273ABF /* NewItemViewController.swift in Sources */ = {isa = PBXBuildFile; fileRef = FAA1AE2C2B724D4200273ABF /* NewItemViewController.swift */; };
		FAAE631A2B7BB1F2007234A5 /* Realm in Frameworks */ = {isa = PBXBuildFile; productRef = FAAE63192B7BB1F2007234A5 /* Realm */; };
		FAAE631C2B7BB1F2007234A5 /* RealmSwift in Frameworks */ = {isa = PBXBuildFile; productRef = FAAE631B2B7BB1F2007234A5 /* RealmSwift */; };
		FAAE631E2B7BB4CF007234A5 /* StorageManager.swift in Sources */ = {isa = PBXBuildFile; fileRef = FAAE631D2B7BB4CF007234A5 /* StorageManager.swift */; };
		FAD50A612B6A7DCF00285BB3 /* AppDelegate.swift in Sources */ = {isa = PBXBuildFile; fileRef = FAD50A602B6A7DCF00285BB3 /* AppDelegate.swift */; };
		FAD50A632B6A7DCF00285BB3 /* SceneDelegate.swift in Sources */ = {isa = PBXBuildFile; fileRef = FAD50A622B6A7DCF00285BB3 /* SceneDelegate.swift */; };
		FAD50A652B6A7DCF00285BB3 /* MainViewController.swift in Sources */ = {isa = PBXBuildFile; fileRef = FAD50A642B6A7DCF00285BB3 /* MainViewController.swift */; };
		FAD50A6A2B6A7DD100285BB3 /* Assets.xcassets in Resources */ = {isa = PBXBuildFile; fileRef = FAD50A692B6A7DD100285BB3 /* Assets.xcassets */; };
		FAD50A6D2B6A7DD100285BB3 /* LaunchScreen.storyboard in Resources */ = {isa = PBXBuildFile; fileRef = FAD50A6B2B6A7DD100285BB3 /* LaunchScreen.storyboard */; };
/* End PBXBuildFile section */

/* Begin PBXFileReference section */
		023FBC48225217BE4091D144 /* Pods_PlanItProject.framework */ = {isa = PBXFileReference; explicitFileType = wrapper.framework; includeInIndex = 0; path = Pods_PlanItProject.framework; sourceTree = BUILT_PRODUCTS_DIR; };
		6E4335286C6234C59B3C2478 /* Pods-PlanItProject.debug.xcconfig */ = {isa = PBXFileReference; includeInIndex = 1; lastKnownFileType = text.xcconfig; name = "Pods-PlanItProject.debug.xcconfig"; path = "Target Support Files/Pods-PlanItProject/Pods-PlanItProject.debug.xcconfig"; sourceTree = "<group>"; };
		74E9E24529C4EE2048D02775 /* Pods-PlanItProject.release.xcconfig */ = {isa = PBXFileReference; includeInIndex = 1; lastKnownFileType = text.xcconfig; name = "Pods-PlanItProject.release.xcconfig"; path = "Target Support Files/Pods-PlanItProject/Pods-PlanItProject.release.xcconfig"; sourceTree = "<group>"; };
		FA8D8C982B6CFA34004630D1 /* CellModel.swift */ = {isa = PBXFileReference; lastKnownFileType = sourcecode.swift; path = CellModel.swift; sourceTree = "<group>"; };
		FA8D8C9A2B6D0084004630D1 /* CustomItemCell.swift */ = {isa = PBXFileReference; lastKnownFileType = sourcecode.swift; path = CustomItemCell.swift; sourceTree = "<group>"; };
		FAA1AE2C2B724D4200273ABF /* NewItemViewController.swift */ = {isa = PBXFileReference; lastKnownFileType = sourcecode.swift; path = NewItemViewController.swift; sourceTree = "<group>"; };
		FAAE631D2B7BB4CF007234A5 /* StorageManager.swift */ = {isa = PBXFileReference; lastKnownFileType = sourcecode.swift; path = StorageManager.swift; sourceTree = "<group>"; };
		FAD50A5D2B6A7DCF00285BB3 /* PlanItProject.app */ = {isa = PBXFileReference; explicitFileType = wrapper.application; includeInIndex = 0; path = PlanItProject.app; sourceTree = BUILT_PRODUCTS_DIR; };
		FAD50A602B6A7DCF00285BB3 /* AppDelegate.swift */ = {isa = PBXFileReference; lastKnownFileType = sourcecode.swift; path = AppDelegate.swift; sourceTree = "<group>"; };
		FAD50A622B6A7DCF00285BB3 /* SceneDelegate.swift */ = {isa = PBXFileReference; lastKnownFileType = sourcecode.swift; path = SceneDelegate.swift; sourceTree = "<group>"; };
		FAD50A642B6A7DCF00285BB3 /* MainViewController.swift */ = {isa = PBXFileReference; lastKnownFileType = sourcecode.swift; path = MainViewController.swift; sourceTree = "<group>"; };
		FAD50A692B6A7DD100285BB3 /* Assets.xcassets */ = {isa = PBXFileReference; lastKnownFileType = folder.assetcatalog; path = Assets.xcassets; sourceTree = "<group>"; };
		FAD50A6C2B6A7DD100285BB3 /* Base */ = {isa = PBXFileReference; lastKnownFileType = file.storyboard; name = Base; path = Base.lproj/LaunchScreen.storyboard; sourceTree = "<group>"; };
		FAD50A6E2B6A7DD100285BB3 /* Info.plist */ = {isa = PBXFileReference; lastKnownFileType = text.plist.xml; path = Info.plist; sourceTree = "<group>"; };
/* End PBXFileReference section */

/* Begin PBXFrameworksBuildPhase section */
		FAD50A5A2B6A7DCF00285BB3 /* Frameworks */ = {
			isa = PBXFrameworksBuildPhase;
			buildActionMask = 2147483647;
			files = (
				FAAE631C2B7BB1F2007234A5 /* RealmSwift in Frameworks */,
				FAAE631A2B7BB1F2007234A5 /* Realm in Frameworks */,
				892B56A18DE0F0A5C6FA5BEA /* Pods_PlanItProject.framework in Frameworks */,
			);
			runOnlyForDeploymentPostprocessing = 0;
		};
/* End PBXFrameworksBuildPhase section */

/* Begin PBXGroup section */
		548385765D5657E849905C45 /* Pods */ = {
			isa = PBXGroup;
			children = (
				6E4335286C6234C59B3C2478 /* Pods-PlanItProject.debug.xcconfig */,
				74E9E24529C4EE2048D02775 /* Pods-PlanItProject.release.xcconfig */,
			);
			path = Pods;
			sourceTree = "<group>";
		};
		BD5509598A3776A4CF8ADD53 /* Frameworks */ = {
			isa = PBXGroup;
			children = (
				023FBC48225217BE4091D144 /* Pods_PlanItProject.framework */,
			);
			name = Frameworks;
			sourceTree = "<group>";
		};
		FAD50A542B6A7DCF00285BB3 = {
			isa = PBXGroup;
			children = (
				FAD50A5F2B6A7DCF00285BB3 /* PlanItProject */,
				FAD50A5E2B6A7DCF00285BB3 /* Products */,
				548385765D5657E849905C45 /* Pods */,
				BD5509598A3776A4CF8ADD53 /* Frameworks */,
			);
			sourceTree = "<group>";
		};
		FAD50A5E2B6A7DCF00285BB3 /* Products */ = {
			isa = PBXGroup;
			children = (
				FAD50A5D2B6A7DCF00285BB3 /* PlanItProject.app */,
			);
			name = Products;
			sourceTree = "<group>";
		};
		FAD50A5F2B6A7DCF00285BB3 /* PlanItProject */ = {
			isa = PBXGroup;
			children = (
				FAD50A602B6A7DCF00285BB3 /* AppDelegate.swift */,
				FAD50A622B6A7DCF00285BB3 /* SceneDelegate.swift */,
				FAD50A642B6A7DCF00285BB3 /* MainViewController.swift */,
				FAA1AE2C2B724D4200273ABF /* NewItemViewController.swift */,
				FA8D8C9A2B6D0084004630D1 /* CustomItemCell.swift */,
				FA8D8C982B6CFA34004630D1 /* CellModel.swift */,
				FAAE631D2B7BB4CF007234A5 /* StorageManager.swift */,
				FAD50A692B6A7DD100285BB3 /* Assets.xcassets */,
				FAD50A6B2B6A7DD100285BB3 /* LaunchScreen.storyboard */,
				FAD50A6E2B6A7DD100285BB3 /* Info.plist */,
			);
			path = PlanItProject;
			sourceTree = "<group>";
		};
/* End PBXGroup section */

/* Begin PBXNativeTarget section */
		FAD50A5C2B6A7DCF00285BB3 /* PlanItProject */ = {
			isa = PBXNativeTarget;
			buildConfigurationList = FAD50A712B6A7DD100285BB3 /* Build configuration list for PBXNativeTarget "PlanItProject" */;
			buildPhases = (
				488638EBE806BABBDD4FF6E4 /* [CP] Check Pods Manifest.lock */,
				FAD50A592B6A7DCF00285BB3 /* Sources */,
				FAD50A5A2B6A7DCF00285BB3 /* Frameworks */,
				FAD50A5B2B6A7DCF00285BB3 /* Resources */,
				F468948DCD0270598DB4A797 /* [CP] Embed Pods Frameworks */,
			);
			buildRules = (
			);
			dependencies = (
			);
			name = PlanItProject;
			packageProductDependencies = (
				FAAE63192B7BB1F2007234A5 /* Realm */,
				FAAE631B2B7BB1F2007234A5 /* RealmSwift */,
			);
			productName = PlanItProject;
			productReference = FAD50A5D2B6A7DCF00285BB3 /* PlanItProject.app */;
			productType = "com.apple.product-type.application";
		};
/* End PBXNativeTarget section */

/* Begin PBXProject section */
		FAD50A552B6A7DCF00285BB3 /* Project object */ = {
			isa = PBXProject;
			attributes = {
				BuildIndependentTargetsInParallel = 1;
				LastSwiftUpdateCheck = 1500;
				LastUpgradeCheck = 1500;
				TargetAttributes = {
					FAD50A5C2B6A7DCF00285BB3 = {
						CreatedOnToolsVersion = 15.0.1;
					};
				};
			};
			buildConfigurationList = FAD50A582B6A7DCF00285BB3 /* Build configuration list for PBXProject "PlanItProject" */;
			compatibilityVersion = "Xcode 14.0";
			developmentRegion = en;
			hasScannedForEncodings = 0;
			knownRegions = (
				en,
				Base,
			);
			mainGroup = FAD50A542B6A7DCF00285BB3;
			packageReferences = (
				FAAE63182B7BB1F1007234A5 /* XCRemoteSwiftPackageReference "realm-swift" */,
			);
			productRefGroup = FAD50A5E2B6A7DCF00285BB3 /* Products */;
			projectDirPath = "";
			projectRoot = "";
			targets = (
				FAD50A5C2B6A7DCF00285BB3 /* PlanItProject */,
			);
		};
/* End PBXProject section */

/* Begin PBXResourcesBuildPhase section */
		FAD50A5B2B6A7DCF00285BB3 /* Resources */ = {
			isa = PBXResourcesBuildPhase;
			buildActionMask = 2147483647;
			files = (
				FAD50A6D2B6A7DD100285BB3 /* LaunchScreen.storyboard in Resources */,
				FAD50A6A2B6A7DD100285BB3 /* Assets.xcassets in Resources */,
			);
			runOnlyForDeploymentPostprocessing = 0;
		};
/* End PBXResourcesBuildPhase section */

/* Begin PBXShellScriptBuildPhase section */
		488638EBE806BABBDD4FF6E4 /* [CP] Check Pods Manifest.lock */ = {
			isa = PBXShellScriptBuildPhase;
			buildActionMask = 2147483647;
			files = (
			);
			inputFileListPaths = (
			);
			inputPaths = (
				"${PODS_PODFILE_DIR_PATH}/Podfile.lock",
				"${PODS_ROOT}/Manifest.lock",
			);
			name = "[CP] Check Pods Manifest.lock";
			outputFileListPaths = (
			);
			outputPaths = (
				"$(DERIVED_FILE_DIR)/Pods-PlanItProject-checkManifestLockResult.txt",
			);
			runOnlyForDeploymentPostprocessing = 0;
			shellPath = /bin/sh;
			shellScript = "diff \"${PODS_PODFILE_DIR_PATH}/Podfile.lock\" \"${PODS_ROOT}/Manifest.lock\" > /dev/null\nif [ $? != 0 ] ; then\n    # print error to STDERR\n    echo \"error: The sandbox is not in sync with the Podfile.lock. Run 'pod install' or update your CocoaPods installation.\" >&2\n    exit 1\nfi\n# This output is used by Xcode 'outputs' to avoid re-running this script phase.\necho \"SUCCESS\" > \"${SCRIPT_OUTPUT_FILE_0}\"\n";
			showEnvVarsInLog = 0;
		};
		F468948DCD0270598DB4A797 /* [CP] Embed Pods Frameworks */ = {
			isa = PBXShellScriptBuildPhase;
			buildActionMask = 2147483647;
			files = (
			);
			inputFileListPaths = (
				"${PODS_ROOT}/Target Support Files/Pods-PlanItProject/Pods-PlanItProject-frameworks-${CONFIGURATION}-input-files.xcfilelist",
			);
			name = "[CP] Embed Pods Frameworks";
			outputFileListPaths = (
				"${PODS_ROOT}/Target Support Files/Pods-PlanItProject/Pods-PlanItProject-frameworks-${CONFIGURATION}-output-files.xcfilelist",
			);
			runOnlyForDeploymentPostprocessing = 0;
			shellPath = /bin/sh;
			shellScript = "\"${PODS_ROOT}/Target Support Files/Pods-PlanItProject/Pods-PlanItProject-frameworks.sh\"\n";
			showEnvVarsInLog = 0;
		};
/* End PBXShellScriptBuildPhase section */

/* Begin PBXSourcesBuildPhase section */
		FAD50A592B6A7DCF00285BB3 /* Sources */ = {
			isa = PBXSourcesBuildPhase;
			buildActionMask = 2147483647;
			files = (
				FA8D8C9B2B6D0084004630D1 /* CustomItemCell.swift in Sources */,
				FAD50A652B6A7DCF00285BB3 /* MainViewController.swift in Sources */,
				FAA1AE2D2B724D4200273ABF /* NewItemViewController.swift in Sources */,
				FAAE631E2B7BB4CF007234A5 /* StorageManager.swift in Sources */,
				FAD50A612B6A7DCF00285BB3 /* AppDelegate.swift in Sources */,
				FAD50A632B6A7DCF00285BB3 /* SceneDelegate.swift in Sources */,
				FA8D8C992B6CFA34004630D1 /* CellModel.swift in Sources */,
			);
			runOnlyForDeploymentPostprocessing = 0;
		};
/* End PBXSourcesBuildPhase section */

/* Begin PBXVariantGroup section */
		FAD50A6B2B6A7DD100285BB3 /* LaunchScreen.storyboard */ = {
			isa = PBXVariantGroup;
			children = (
				FAD50A6C2B6A7DD100285BB3 /* Base */,
			);
			name = LaunchScreen.storyboard;
			sourceTree = "<group>";
		};
/* End PBXVariantGroup section */

/* Begin XCBuildConfiguration section */
		FAD50A6F2B6A7DD100285BB3 /* Debug */ = {
			isa = XCBuildConfiguration;
			buildSettings = {
				ALWAYS_SEARCH_USER_PATHS = NO;
				ASSETCATALOG_COMPILER_GENERATE_SWIFT_ASSET_SYMBOL_EXTENSIONS = YES;
				CLANG_ANALYZER_NONNULL = YES;
				CLANG_ANALYZER_NUMBER_OBJECT_CONVERSION = YES_AGGRESSIVE;
				CLANG_CXX_LANGUAGE_STANDARD = "gnu++20";
				CLANG_ENABLE_MODULES = YES;
				CLANG_ENABLE_OBJC_ARC = YES;
				CLANG_ENABLE_OBJC_WEAK = YES;
				CLANG_WARN_BLOCK_CAPTURE_AUTORELEASING = YES;
				CLANG_WARN_BOOL_CONVERSION = YES;
				CLANG_WARN_COMMA = YES;
				CLANG_WARN_CONSTANT_CONVERSION = YES;
				CLANG_WARN_DEPRECATED_OBJC_IMPLEMENTATIONS = YES;
				CLANG_WARN_DIRECT_OBJC_ISA_USAGE = YES_ERROR;
				CLANG_WARN_DOCUMENTATION_COMMENTS = YES;
				CLANG_WARN_EMPTY_BODY = YES;
				CLANG_WARN_ENUM_CONVERSION = YES;
				CLANG_WARN_INFINITE_RECURSION = YES;
				CLANG_WARN_INT_CONVERSION = YES;
				CLANG_WARN_NON_LITERAL_NULL_CONVERSION = YES;
				CLANG_WARN_OBJC_IMPLICIT_RETAIN_SELF = YES;
				CLANG_WARN_OBJC_LITERAL_CONVERSION = YES;
				CLANG_WARN_OBJC_ROOT_CLASS = YES_ERROR;
				CLANG_WARN_QUOTED_INCLUDE_IN_FRAMEWORK_HEADER = YES;
				CLANG_WARN_RANGE_LOOP_ANALYSIS = YES;
				CLANG_WARN_STRICT_PROTOTYPES = YES;
				CLANG_WARN_SUSPICIOUS_MOVE = YES;
				CLANG_WARN_UNGUARDED_AVAILABILITY = YES_AGGRESSIVE;
				CLANG_WARN_UNREACHABLE_CODE = YES;
				CLANG_WARN__DUPLICATE_METHOD_MATCH = YES;
				COPY_PHASE_STRIP = NO;
				DEBUG_INFORMATION_FORMAT = dwarf;
				ENABLE_STRICT_OBJC_MSGSEND = YES;
				ENABLE_TESTABILITY = YES;
				ENABLE_USER_SCRIPT_SANDBOXING = NO;
				GCC_C_LANGUAGE_STANDARD = gnu17;
				GCC_DYNAMIC_NO_PIC = NO;
				GCC_NO_COMMON_BLOCKS = YES;
				GCC_OPTIMIZATION_LEVEL = 0;
				GCC_PREPROCESSOR_DEFINITIONS = (
					"DEBUG=1",
					"$(inherited)",
				);
				GCC_WARN_64_TO_32_BIT_CONVERSION = YES;
				GCC_WARN_ABOUT_RETURN_TYPE = YES_ERROR;
				GCC_WARN_UNDECLARED_SELECTOR = YES;
				GCC_WARN_UNINITIALIZED_AUTOS = YES_AGGRESSIVE;
				GCC_WARN_UNUSED_FUNCTION = YES;
				GCC_WARN_UNUSED_VARIABLE = YES;
				IPHONEOS_DEPLOYMENT_TARGET = 17.0;
				LOCALIZATION_PREFERS_STRING_CATALOGS = YES;
				MTL_ENABLE_DEBUG_INFO = INCLUDE_SOURCE;
				MTL_FAST_MATH = YES;
				ONLY_ACTIVE_ARCH = YES;
				SDKROOT = iphoneos;
				SWIFT_ACTIVE_COMPILATION_CONDITIONS = "DEBUG $(inherited)";
				SWIFT_OPTIMIZATION_LEVEL = "-Onone";
			};
			name = Debug;
		};
		FAD50A702B6A7DD100285BB3 /* Release */ = {
			isa = XCBuildConfiguration;
			buildSettings = {
				ALWAYS_SEARCH_USER_PATHS = NO;
				ASSETCATALOG_COMPILER_GENERATE_SWIFT_ASSET_SYMBOL_EXTENSIONS = YES;
				CLANG_ANALYZER_NONNULL = YES;
				CLANG_ANALYZER_NUMBER_OBJECT_CONVERSION = YES_AGGRESSIVE;
				CLANG_CXX_LANGUAGE_STANDARD = "gnu++20";
				CLANG_ENABLE_MODULES = YES;
				CLANG_ENABLE_OBJC_ARC = YES;
				CLANG_ENABLE_OBJC_WEAK = YES;
				CLANG_WARN_BLOCK_CAPTURE_AUTORELEASING = YES;
				CLANG_WARN_BOOL_CONVERSION = YES;
				CLANG_WARN_COMMA = YES;
				CLANG_WARN_CONSTANT_CONVERSION = YES;
				CLANG_WARN_DEPRECATED_OBJC_IMPLEMENTATIONS = YES;
				CLANG_WARN_DIRECT_OBJC_ISA_USAGE = YES_ERROR;
				CLANG_WARN_DOCUMENTATION_COMMENTS = YES;
				CLANG_WARN_EMPTY_BODY = YES;
				CLANG_WARN_ENUM_CONVERSION = YES;
				CLANG_WARN_INFINITE_RECURSION = YES;
				CLANG_WARN_INT_CONVERSION = YES;
				CLANG_WARN_NON_LITERAL_NULL_CONVERSION = YES;
				CLANG_WARN_OBJC_IMPLICIT_RETAIN_SELF = YES;
				CLANG_WARN_OBJC_LITERAL_CONVERSION = YES;
				CLANG_WARN_OBJC_ROOT_CLASS = YES_ERROR;
				CLANG_WARN_QUOTED_INCLUDE_IN_FRAMEWORK_HEADER = YES;
				CLANG_WARN_RANGE_LOOP_ANALYSIS = YES;
				CLANG_WARN_STRICT_PROTOTYPES = YES;
				CLANG_WARN_SUSPICIOUS_MOVE = YES;
				CLANG_WARN_UNGUARDED_AVAILABILITY = YES_AGGRESSIVE;
				CLANG_WARN_UNREACHABLE_CODE = YES;
				CLANG_WARN__DUPLICATE_METHOD_MATCH = YES;
				COPY_PHASE_STRIP = NO;
				DEBUG_INFORMATION_FORMAT = "dwarf-with-dsym";
				ENABLE_NS_ASSERTIONS = NO;
				ENABLE_STRICT_OBJC_MSGSEND = YES;
				ENABLE_USER_SCRIPT_SANDBOXING = NO;
				GCC_C_LANGUAGE_STANDARD = gnu17;
				GCC_NO_COMMON_BLOCKS = YES;
				GCC_WARN_64_TO_32_BIT_CONVERSION = YES;
				GCC_WARN_ABOUT_RETURN_TYPE = YES_ERROR;
				GCC_WARN_UNDECLARED_SELECTOR = YES;
				GCC_WARN_UNINITIALIZED_AUTOS = YES_AGGRESSIVE;
				GCC_WARN_UNUSED_FUNCTION = YES;
				GCC_WARN_UNUSED_VARIABLE = YES;
				IPHONEOS_DEPLOYMENT_TARGET = 17.0;
				LOCALIZATION_PREFERS_STRING_CATALOGS = YES;
				MTL_ENABLE_DEBUG_INFO = NO;
				MTL_FAST_MATH = YES;
				SDKROOT = iphoneos;
				SWIFT_COMPILATION_MODE = wholemodule;
				VALIDATE_PRODUCT = YES;
			};
			name = Release;
		};
		FAD50A722B6A7DD100285BB3 /* Debug */ = {
			isa = XCBuildConfiguration;
			baseConfigurationReference = 6E4335286C6234C59B3C2478 /* Pods-PlanItProject.debug.xcconfig */;
			buildSettings = {
				ASSETCATALOG_COMPILER_APPICON_NAME = AppIcon;
				ASSETCATALOG_COMPILER_GLOBAL_ACCENT_COLOR_NAME = AccentColor;
				CODE_SIGN_STYLE = Automatic;
				CURRENT_PROJECT_VERSION = 1;
				DEVELOPMENT_TEAM = 3D79N279KQ;
				GENERATE_INFOPLIST_FILE = YES;
				INFOPLIST_FILE = PlanItProject/Info.plist;
				INFOPLIST_KEY_UIApplicationSupportsIndirectInputEvents = YES;
				INFOPLIST_KEY_UILaunchStoryboardName = LaunchScreen;
				INFOPLIST_KEY_UISupportedInterfaceOrientations_iPad = "UIInterfaceOrientationPortrait UIInterfaceOrientationPortraitUpsideDown UIInterfaceOrientationLandscapeLeft UIInterfaceOrientationLandscapeRight";
				INFOPLIST_KEY_UISupportedInterfaceOrientations_iPhone = "UIInterfaceOrientationPortrait UIInterfaceOrientationLandscapeLeft UIInterfaceOrientationLandscapeRight";
				LD_RUNPATH_SEARCH_PATHS = (
					"$(inherited)",
					"@executable_path/Frameworks",
				);
				MARKETING_VERSION = 1.0;
				PRODUCT_BUNDLE_IDENTIFIER = Ivan.PlanItProject;
				PRODUCT_NAME = "$(TARGET_NAME)";
				SWIFT_EMIT_LOC_STRINGS = YES;
				SWIFT_VERSION = 5.0;
				TARGETED_DEVICE_FAMILY = "1,2";
			};
			name = Debug;
		};
		FAD50A732B6A7DD100285BB3 /* Release */ = {
			isa = XCBuildConfiguration;
			baseConfigurationReference = 74E9E24529C4EE2048D02775 /* Pods-PlanItProject.release.xcconfig */;
			buildSettings = {
				ASSETCATALOG_COMPILER_APPICON_NAME = AppIcon;
				ASSETCATALOG_COMPILER_GLOBAL_ACCENT_COLOR_NAME = AccentColor;
				CODE_SIGN_STYLE = Automatic;
				CURRENT_PROJECT_VERSION = 1;
				DEVELOPMENT_TEAM = 3D79N279KQ;
				GENERATE_INFOPLIST_FILE = YES;
				INFOPLIST_FILE = PlanItProject/Info.plist;
				INFOPLIST_KEY_UIApplicationSupportsIndirectInputEvents = YES;
				INFOPLIST_KEY_UILaunchStoryboardName = LaunchScreen;
				INFOPLIST_KEY_UISupportedInterfaceOrientations_iPad = "UIInterfaceOrientationPortrait UIInterfaceOrientationPortraitUpsideDown UIInterfaceOrientationLandscapeLeft UIInterfaceOrientationLandscapeRight";
				INFOPLIST_KEY_UISupportedInterfaceOrientations_iPhone = "UIInterfaceOrientationPortrait UIInterfaceOrientationLandscapeLeft UIInterfaceOrientationLandscapeRight";
				LD_RUNPATH_SEARCH_PATHS = (
					"$(inherited)",
					"@executable_path/Frameworks",
				);
				MARKETING_VERSION = 1.0;
				PRODUCT_BUNDLE_IDENTIFIER = Ivan.PlanItProject;
				PRODUCT_NAME = "$(TARGET_NAME)";
				SWIFT_EMIT_LOC_STRINGS = YES;
				SWIFT_VERSION = 5.0;
				TARGETED_DEVICE_FAMILY = "1,2";
			};
			name = Release;
		};
/* End XCBuildConfiguration section */

/* Begin XCConfigurationList section */
		FAD50A582B6A7DCF00285BB3 /* Build configuration list for PBXProject "PlanItProject" */ = {
			isa = XCConfigurationList;
			buildConfigurations = (
				FAD50A6F2B6A7DD100285BB3 /* Debug */,
				FAD50A702B6A7DD100285BB3 /* Release */,
			);
			defaultConfigurationIsVisible = 0;
			defaultConfigurationName = Release;
		};
		FAD50A712B6A7DD100285BB3 /* Build configuration list for PBXNativeTarget "PlanItProject" */ = {
			isa = XCConfigurationList;
			buildConfigurations = (
				FAD50A722B6A7DD100285BB3 /* Debug */,
				FAD50A732B6A7DD100285BB3 /* Release */,
			);
			defaultConfigurationIsVisible = 0;
			defaultConfigurationName = Release;
		};
/* End XCConfigurationList section */

/* Begin XCRemoteSwiftPackageReference section */
		FAAE63182B7BB1F1007234A5 /* XCRemoteSwiftPackageReference "realm-swift" */ = {
			isa = XCRemoteSwiftPackageReference;
			repositoryURL = "https://github.com/realm/realm-swift.git";
			requirement = {
				kind = upToNextMajorVersion;
				minimumVersion = 10.46.0;
			};
		};
/* End XCRemoteSwiftPackageReference section */

/* Begin XCSwiftPackageProductDependency section */
		FAAE63192B7BB1F2007234A5 /* Realm */ = {
			isa = XCSwiftPackageProductDependency;
			package = FAAE63182B7BB1F1007234A5 /* XCRemoteSwiftPackageReference "realm-swift" */;
			productName = Realm;
		};
		FAAE631B2B7BB1F2007234A5 /* RealmSwift */ = {
			isa = XCSwiftPackageProductDependency;
			package = FAAE63182B7BB1F1007234A5 /* XCRemoteSwiftPackageReference "realm-swift" */;
			productName = RealmSwift;
		};
/* End XCSwiftPackageProductDependency section */
	};
	rootObject = FAD50A552B6A7DCF00285BB3 /* Project object */;
}
